
Microsoft Visual Studio Solution File, Format Version 12.00
# Visual Studio Version 17
VisualStudioVersion = 17.8.34408.163
MinimumVisualStudioVersion = 10.0.40219.1
Project("{FAE04EC0-301F-11D3-BF4B-00C04F79EFBC}") = "backEnd-Lubee", "backEnd-Lubee\backEnd-Lubee.csproj", "{60AB2FEC-720E-427D-BEC2-1BA34628504A}"
EndProject
Global
	GlobalSection(SolutionConfigurationPlatforms) = preSolution
		Debug|Any CPU = Debug|Any CPU
		Release|Any CPU = Release|Any CPU
	EndGlobalSection
	GlobalSection(ProjectConfigurationPlatforms) = postSolution
		{60AB2FEC-720E-427D-BEC2-1BA34628504A}.Debug|Any CPU.ActiveCfg = Debug|Any CPU
		{60AB2FEC-720E-427D-BEC2-1BA34628504A}.Debug|Any CPU.Build.0 = Debug|Any CPU
		{60AB2FEC-720E-427D-BEC2-1BA34628504A}.Release|Any CPU.ActiveCfg = Release|Any CPU
		{60AB2FEC-720E-427D-BEC2-1BA34628504A}.Release|Any CPU.Build.0 = Release|Any CPU
	EndGlobalSection
	GlobalSection(SolutionProperties) = preSolution
		HideSolutionNode = FALSE
	EndGlobalSection
	GlobalSection(ExtensibilityGlobals) = postSolution
		SolutionGuid = {4DF07576-360D-4423-90D9-4BF7520AD6AA}
	EndGlobalSection
EndGlobal
